
Microsoft Visual Studio Solution File, Format Version 12.00
# Visual Studio Version 17
VisualStudioVersion = 17.2.32505.173
MinimumVisualStudioVersion = 10.0.40219.1
Project("{FAE04EC0-301F-11D3-BF4B-00C04F79EFBC}") = "lab_10", "lab_10\lab_10.csproj", "{51361E5F-C16A-46B6-8388-9D4CF79E8724}"
EndProject
Global
	GlobalSection(SolutionConfigurationPlatforms) = preSolution
		Debug|Any CPU = Debug|Any CPU
		Release|Any CPU = Release|Any CPU
	EndGlobalSection
	GlobalSection(ProjectConfigurationPlatforms) = postSolution
		{51361E5F-C16A-46B6-8388-9D4CF79E8724}.Debug|Any CPU.ActiveCfg = Debug|Any CPU
		{51361E5F-C16A-46B6-8388-9D4CF79E8724}.Debug|Any CPU.Build.0 = Debug|Any CPU
		{51361E5F-C16A-46B6-8388-9D4CF79E8724}.Release|Any CPU.ActiveCfg = Release|Any CPU
		{51361E5F-C16A-46B6-8388-9D4CF79E8724}.Release|Any CPU.Build.0 = Release|Any CPU
	EndGlobalSection
	GlobalSection(SolutionProperties) = preSolution
		HideSolutionNode = FALSE
	EndGlobalSection
	GlobalSection(ExtensibilityGlobals) = postSolution
		SolutionGuid = {C285213B-9E78-4DB3-94C8-3754A1DC29E6}
	EndGlobalSection
EndGlobal
