
Microsoft Visual Studio Solution File, Format Version 12.00
# Visual Studio Version 17
VisualStudioVersion = 17.2.32505.173
MinimumVisualStudioVersion = 10.0.40219.1
Project("{FAE04EC0-301F-11D3-BF4B-00C04F79EFBC}") = "lab_14", "lab_14\lab_14.csproj", "{C12D2DF4-6510-490F-B295-3F7E2C9119B7}"
EndProject
Global
	GlobalSection(SolutionConfigurationPlatforms) = preSolution
		Debug|Any CPU = Debug|Any CPU
		Release|Any CPU = Release|Any CPU
	EndGlobalSection
	GlobalSection(ProjectConfigurationPlatforms) = postSolution
		{C12D2DF4-6510-490F-B295-3F7E2C9119B7}.Debug|Any CPU.ActiveCfg = Debug|Any CPU
		{C12D2DF4-6510-490F-B295-3F7E2C9119B7}.Debug|Any CPU.Build.0 = Debug|Any CPU
		{C12D2DF4-6510-490F-B295-3F7E2C9119B7}.Release|Any CPU.ActiveCfg = Release|Any CPU
		{C12D2DF4-6510-490F-B295-3F7E2C9119B7}.Release|Any CPU.Build.0 = Release|Any CPU
	EndGlobalSection
	GlobalSection(SolutionProperties) = preSolution
		HideSolutionNode = FALSE
	EndGlobalSection
	GlobalSection(ExtensibilityGlobals) = postSolution
		SolutionGuid = {380AA929-84E0-4369-9A74-4F2F1B96C711}
	EndGlobalSection
EndGlobal
